
Microsoft Visual Studio Solution File, Format Version 12.00
# Visual Studio 14
VisualStudioVersion = 14.0.25420.1
MinimumVisualStudioVersion = 10.0.40219.1
Project("{FAE04EC0-301F-11D3-BF4B-00C04F79EFBC}") = "QofD", "QofD\QofD\QofD.csproj", "{293A1D52-718C-4346-BBCB-E820C452B365}"
EndProject
Project("{FAE04EC0-301F-11D3-BF4B-00C04F79EFBC}") = "QofD.Droid", "QofD\QofD.Droid\QofD.Droid.csproj", "{24F1D5FE-4041-43F4-88ED-5D317B38AD3E}"
EndProject
Project("{FAE04EC0-301F-11D3-BF4B-00C04F79EFBC}") = "QofD.iOS", "QofD\QofD.iOS\QofD.iOS.csproj", "{1E846B86-E0C7-4FD2-857C-B1AE18ADA362}"
EndProject
Project("{FAE04EC0-301F-11D3-BF4B-00C04F79EFBC}") = "QofD.WinPhone", "QofD\QofD.WinPhone\QofD.WinPhone.csproj", "{98FD12F4-9719-4D22-BB4F-92F9876A0461}"
EndProject
Project("{FAE04EC0-301F-11D3-BF4B-00C04F79EFBC}") = "QofD.UWP", "QofD\QofD.UWP\QofD.UWP.csproj", "{8E4C8C08-2EB9-4F54-9525-B2F7A96DDCEC}"
EndProject
Project("{FAE04EC0-301F-11D3-BF4B-00C04F79EFBC}") = "QofD.Windows", "QofD\QofD.Windows\QofD.Windows.csproj", "{2831C767-2731-4F20-A583-F8512DE87CF5}"
EndProject
Global
	GlobalSection(SolutionConfigurationPlatforms) = preSolution
		Ad-Hoc|Any CPU = Ad-Hoc|Any CPU
		Ad-Hoc|ARM = Ad-Hoc|ARM
		Ad-Hoc|iPhone = Ad-Hoc|iPhone
		Ad-Hoc|iPhoneSimulator = Ad-Hoc|iPhoneSimulator
		Ad-Hoc|x64 = Ad-Hoc|x64
		Ad-Hoc|x86 = Ad-Hoc|x86
		AppStore|Any CPU = AppStore|Any CPU
		AppStore|ARM = AppStore|ARM
		AppStore|iPhone = AppStore|iPhone
		AppStore|iPhoneSimulator = AppStore|iPhoneSimulator
		AppStore|x64 = AppStore|x64
		AppStore|x86 = AppStore|x86
		Debug|Any CPU = Debug|Any CPU
		Debug|ARM = Debug|ARM
		Debug|iPhone = Debug|iPhone
		Debug|iPhoneSimulator = Debug|iPhoneSimulator
		Debug|x64 = Debug|x64
		Debug|x86 = Debug|x86
		Release|Any CPU = Release|Any CPU
		Release|ARM = Release|ARM
		Release|iPhone = Release|iPhone
		Release|iPhoneSimulator = Release|iPhoneSimulator
		Release|x64 = Release|x64
		Release|x86 = Release|x86
	EndGlobalSection
	GlobalSection(ProjectConfigurationPlatforms) = postSolution
		{293A1D52-718C-4346-BBCB-E820C452B365}.Ad-Hoc|Any CPU.ActiveCfg = Release|Any CPU
		{293A1D52-718C-4346-BBCB-E820C452B365}.Ad-Hoc|Any CPU.Build.0 = Release|Any CPU
		{293A1D52-718C-4346-BBCB-E820C452B365}.Ad-Hoc|ARM.ActiveCfg = Release|Any CPU
		{293A1D52-718C-4346-BBCB-E820C452B365}.Ad-Hoc|ARM.Build.0 = Release|Any CPU
		{293A1D52-718C-4346-BBCB-E820C452B365}.Ad-Hoc|iPhone.ActiveCfg = Release|Any CPU
		{293A1D52-718C-4346-BBCB-E820C452B365}.Ad-Hoc|iPhone.Build.0 = Release|Any CPU
		{293A1D52-718C-4346-BBCB-E820C452B365}.Ad-Hoc|iPhoneSimulator.ActiveCfg = Release|Any CPU
		{293A1D52-718C-4346-BBCB-E820C452B365}.Ad-Hoc|iPhoneSimulator.Build.0 = Release|Any CPU
		{293A1D52-718C-4346-BBCB-E820C452B365}.Ad-Hoc|x64.ActiveCfg = Release|Any CPU
		{293A1D52-718C-4346-BBCB-E820C452B365}.Ad-Hoc|x64.Build.0 = Release|Any CPU
		{293A1D52-718C-4346-BBCB-E820C452B365}.Ad-Hoc|x86.ActiveCfg = Release|Any CPU
		{293A1D52-718C-4346-BBCB-E820C452B365}.Ad-Hoc|x86.Build.0 = Release|Any CPU
		{293A1D52-718C-4346-BBCB-E820C452B365}.AppStore|Any CPU.ActiveCfg = Release|Any CPU
		{293A1D52-718C-4346-BBCB-E820C452B365}.AppStore|Any CPU.Build.0 = Release|Any CPU
		{293A1D52-718C-4346-BBCB-E820C452B365}.AppStore|ARM.ActiveCfg = Release|Any CPU
		{293A1D52-718C-4346-BBCB-E820C452B365}.AppStore|ARM.Build.0 = Release|Any CPU
		{293A1D52-718C-4346-BBCB-E820C452B365}.AppStore|iPhone.ActiveCfg = Release|Any CPU
		{293A1D52-718C-4346-BBCB-E820C452B365}.AppStore|iPhone.Build.0 = Release|Any CPU
		{293A1D52-718C-4346-BBCB-E820C452B365}.AppStore|iPhoneSimulator.ActiveCfg = Release|Any CPU
		{293A1D52-718C-4346-BBCB-E820C452B365}.AppStore|iPhoneSimulator.Build.0 = Release|Any CPU
		{293A1D52-718C-4346-BBCB-E820C452B365}.AppStore|x64.ActiveCfg = Release|Any CPU
		{293A1D52-718C-4346-BBCB-E820C452B365}.AppStore|x64.Build.0 = Release|Any CPU
		{293A1D52-718C-4346-BBCB-E820C452B365}.AppStore|x86.ActiveCfg = Release|Any CPU
		{293A1D52-718C-4346-BBCB-E820C452B365}.AppStore|x86.Build.0 = Release|Any CPU
		{293A1D52-718C-4346-BBCB-E820C452B365}.Debug|Any CPU.ActiveCfg = Debug|Any CPU
		{293A1D52-718C-4346-BBCB-E820C452B365}.Debug|Any CPU.Build.0 = Debug|Any CPU
		{293A1D52-718C-4346-BBCB-E820C452B365}.Debug|ARM.ActiveCfg = Debug|Any CPU
		{293A1D52-718C-4346-BBCB-E820C452B365}.Debug|ARM.Build.0 = Debug|Any CPU
		{293A1D52-718C-4346-BBCB-E820C452B365}.Debug|iPhone.ActiveCfg = Debug|Any CPU
		{293A1D52-718C-4346-BBCB-E820C452B365}.Debug|iPhone.Build.0 = Debug|Any CPU
		{293A1D52-718C-4346-BBCB-E820C452B365}.Debug|iPhoneSimulator.ActiveCfg = Debug|Any CPU
		{293A1D52-718C-4346-BBCB-E820C452B365}.Debug|iPhoneSimulator.Build.0 = Debug|Any CPU
		{293A1D52-718C-4346-BBCB-E820C452B365}.Debug|x64.ActiveCfg = Debug|Any CPU
		{293A1D52-718C-4346-BBCB-E820C452B365}.Debug|x64.Build.0 = Debug|Any CPU
		{293A1D52-718C-4346-BBCB-E820C452B365}.Debug|x86.ActiveCfg = Debug|Any CPU
		{293A1D52-718C-4346-BBCB-E820C452B365}.Debug|x86.Build.0 = Debug|Any CPU
		{293A1D52-718C-4346-BBCB-E820C452B365}.Release|Any CPU.ActiveCfg = Release|Any CPU
		{293A1D52-718C-4346-BBCB-E820C452B365}.Release|Any CPU.Build.0 = Release|Any CPU
		{293A1D52-718C-4346-BBCB-E820C452B365}.Release|ARM.ActiveCfg = Release|Any CPU
		{293A1D52-718C-4346-BBCB-E820C452B365}.Release|ARM.Build.0 = Release|Any CPU
		{293A1D52-718C-4346-BBCB-E820C452B365}.Release|iPhone.ActiveCfg = Release|Any CPU
		{293A1D52-718C-4346-BBCB-E820C452B365}.Release|iPhone.Build.0 = Release|Any CPU
		{293A1D52-718C-4346-BBCB-E820C452B365}.Release|iPhoneSimulator.ActiveCfg = Release|Any CPU
		{293A1D52-718C-4346-BBCB-E820C452B365}.Release|iPhoneSimulator.Build.0 = Release|Any CPU
		{293A1D52-718C-4346-BBCB-E820C452B365}.Release|x64.ActiveCfg = Release|Any CPU
		{293A1D52-718C-4346-BBCB-E820C452B365}.Release|x64.Build.0 = Release|Any CPU
		{293A1D52-718C-4346-BBCB-E820C452B365}.Release|x86.ActiveCfg = Release|Any CPU
		{293A1D52-718C-4346-BBCB-E820C452B365}.Release|x86.Build.0 = Release|Any CPU
		{24F1D5FE-4041-43F4-88ED-5D317B38AD3E}.Ad-Hoc|Any CPU.ActiveCfg = Release|Any CPU
		{24F1D5FE-4041-43F4-88ED-5D317B38AD3E}.Ad-Hoc|Any CPU.Build.0 = Release|Any CPU
		{24F1D5FE-4041-43F4-88ED-5D317B38AD3E}.Ad-Hoc|Any CPU.Deploy.0 = Release|Any CPU
		{24F1D5FE-4041-43F4-88ED-5D317B38AD3E}.Ad-Hoc|ARM.ActiveCfg = Release|Any CPU
		{24F1D5FE-4041-43F4-88ED-5D317B38AD3E}.Ad-Hoc|ARM.Build.0 = Release|Any CPU
		{24F1D5FE-4041-43F4-88ED-5D317B38AD3E}.Ad-Hoc|ARM.Deploy.0 = Release|Any CPU
		{24F1D5FE-4041-43F4-88ED-5D317B38AD3E}.Ad-Hoc|iPhone.ActiveCfg = Release|Any CPU
		{24F1D5FE-4041-43F4-88ED-5D317B38AD3E}.Ad-Hoc|iPhone.Build.0 = Release|Any CPU
		{24F1D5FE-4041-43F4-88ED-5D317B38AD3E}.Ad-Hoc|iPhone.Deploy.0 = Release|Any CPU
		{24F1D5FE-4041-43F4-88ED-5D317B38AD3E}.Ad-Hoc|iPhoneSimulator.ActiveCfg = Release|Any CPU
		{24F1D5FE-4041-43F4-88ED-5D317B38AD3E}.Ad-Hoc|iPhoneSimulator.Build.0 = Release|Any CPU
		{24F1D5FE-4041-43F4-88ED-5D317B38AD3E}.Ad-Hoc|iPhoneSimulator.Deploy.0 = Release|Any CPU
		{24F1D5FE-4041-43F4-88ED-5D317B38AD3E}.Ad-Hoc|x64.ActiveCfg = Release|Any CPU
		{24F1D5FE-4041-43F4-88ED-5D317B38AD3E}.Ad-Hoc|x64.Build.0 = Release|Any CPU
		{24F1D5FE-4041-43F4-88ED-5D317B38AD3E}.Ad-Hoc|x64.Deploy.0 = Release|Any CPU
		{24F1D5FE-4041-43F4-88ED-5D317B38AD3E}.Ad-Hoc|x86.ActiveCfg = Release|Any CPU
		{24F1D5FE-4041-43F4-88ED-5D317B38AD3E}.Ad-Hoc|x86.Build.0 = Release|Any CPU
		{24F1D5FE-4041-43F4-88ED-5D317B38AD3E}.Ad-Hoc|x86.Deploy.0 = Release|Any CPU
		{24F1D5FE-4041-43F4-88ED-5D317B38AD3E}.AppStore|Any CPU.ActiveCfg = Release|Any CPU
		{24F1D5FE-4041-43F4-88ED-5D317B38AD3E}.AppStore|Any CPU.Build.0 = Release|Any CPU
		{24F1D5FE-4041-43F4-88ED-5D317B38AD3E}.AppStore|Any CPU.Deploy.0 = Release|Any CPU
		{24F1D5FE-4041-43F4-88ED-5D317B38AD3E}.AppStore|ARM.ActiveCfg = Release|Any CPU
		{24F1D5FE-4041-43F4-88ED-5D317B38AD3E}.AppStore|ARM.Build.0 = Release|Any CPU
		{24F1D5FE-4041-43F4-88ED-5D317B38AD3E}.AppStore|ARM.Deploy.0 = Release|Any CPU
		{24F1D5FE-4041-43F4-88ED-5D317B38AD3E}.AppStore|iPhone.ActiveCfg = Release|Any CPU
		{24F1D5FE-4041-43F4-88ED-5D317B38AD3E}.AppStore|iPhone.Build.0 = Release|Any CPU
		{24F1D5FE-4041-43F4-88ED-5D317B38AD3E}.AppStore|iPhone.Deploy.0 = Release|Any CPU
		{24F1D5FE-4041-43F4-88ED-5D317B38AD3E}.AppStore|iPhoneSimulator.ActiveCfg = Release|Any CPU
		{24F1D5FE-4041-43F4-88ED-5D317B38AD3E}.AppStore|iPhoneSimulator.Build.0 = Release|Any CPU
		{24F1D5FE-4041-43F4-88ED-5D317B38AD3E}.AppStore|iPhoneSimulator.Deploy.0 = Release|Any CPU
		{24F1D5FE-4041-43F4-88ED-5D317B38AD3E}.AppStore|x64.ActiveCfg = Release|Any CPU
		{24F1D5FE-4041-43F4-88ED-5D317B38AD3E}.AppStore|x64.Build.0 = Release|Any CPU
		{24F1D5FE-4041-43F4-88ED-5D317B38AD3E}.AppStore|x64.Deploy.0 = Release|Any CPU
		{24F1D5FE-4041-43F4-88ED-5D317B38AD3E}.AppStore|x86.ActiveCfg = Release|Any CPU
		{24F1D5FE-4041-43F4-88ED-5D317B38AD3E}.AppStore|x86.Build.0 = Release|Any CPU
		{24F1D5FE-4041-43F4-88ED-5D317B38AD3E}.AppStore|x86.Deploy.0 = Release|Any CPU
		{24F1D5FE-4041-43F4-88ED-5D317B38AD3E}.Debug|Any CPU.ActiveCfg = Debug|Any CPU
		{24F1D5FE-4041-43F4-88ED-5D317B38AD3E}.Debug|Any CPU.Build.0 = Debug|Any CPU
		{24F1D5FE-4041-43F4-88ED-5D317B38AD3E}.Debug|Any CPU.Deploy.0 = Debug|Any CPU
		{24F1D5FE-4041-43F4-88ED-5D317B38AD3E}.Debug|ARM.ActiveCfg = Debug|Any CPU
		{24F1D5FE-4041-43F4-88ED-5D317B38AD3E}.Debug|ARM.Build.0 = Debug|Any CPU
		{24F1D5FE-4041-43F4-88ED-5D317B38AD3E}.Debug|ARM.Deploy.0 = Debug|Any CPU
		{24F1D5FE-4041-43F4-88ED-5D317B38AD3E}.Debug|iPhone.ActiveCfg = Debug|Any CPU
		{24F1D5FE-4041-43F4-88ED-5D317B38AD3E}.Debug|iPhone.Build.0 = Debug|Any CPU
		{24F1D5FE-4041-43F4-88ED-5D317B38AD3E}.Debug|iPhone.Deploy.0 = Debug|Any CPU
		{24F1D5FE-4041-43F4-88ED-5D317B38AD3E}.Debug|iPhoneSimulator.ActiveCfg = Debug|Any CPU
		{24F1D5FE-4041-43F4-88ED-5D317B38AD3E}.Debug|iPhoneSimulator.Build.0 = Debug|Any CPU
		{24F1D5FE-4041-43F4-88ED-5D317B38AD3E}.Debug|iPhoneSimulator.Deploy.0 = Debug|Any CPU
		{24F1D5FE-4041-43F4-88ED-5D317B38AD3E}.Debug|x64.ActiveCfg = Debug|Any CPU
		{24F1D5FE-4041-43F4-88ED-5D317B38AD3E}.Debug|x64.Build.0 = Debug|Any CPU
		{24F1D5FE-4041-43F4-88ED-5D317B38AD3E}.Debug|x64.Deploy.0 = Debug|Any CPU
		{24F1D5FE-4041-43F4-88ED-5D317B38AD3E}.Debug|x86.ActiveCfg = Debug|Any CPU
		{24F1D5FE-4041-43F4-88ED-5D317B38AD3E}.Debug|x86.Build.0 = Debug|Any CPU
		{24F1D5FE-4041-43F4-88ED-5D317B38AD3E}.Debug|x86.Deploy.0 = Debug|Any CPU
		{24F1D5FE-4041-43F4-88ED-5D317B38AD3E}.Release|Any CPU.ActiveCfg = Release|Any CPU
		{24F1D5FE-4041-43F4-88ED-5D317B38AD3E}.Release|Any CPU.Build.0 = Release|Any CPU
		{24F1D5FE-4041-43F4-88ED-5D317B38AD3E}.Release|Any CPU.Deploy.0 = Release|Any CPU
		{24F1D5FE-4041-43F4-88ED-5D317B38AD3E}.Release|ARM.ActiveCfg = Release|Any CPU
		{24F1D5FE-4041-43F4-88ED-5D317B38AD3E}.Release|ARM.Build.0 = Release|Any CPU
		{24F1D5FE-4041-43F4-88ED-5D317B38AD3E}.Release|ARM.Deploy.0 = Release|Any CPU
		{24F1D5FE-4041-43F4-88ED-5D317B38AD3E}.Release|iPhone.ActiveCfg = Release|Any CPU
		{24F1D5FE-4041-43F4-88ED-5D317B38AD3E}.Release|iPhone.Build.0 = Release|Any CPU
		{24F1D5FE-4041-43F4-88ED-5D317B38AD3E}.Release|iPhone.Deploy.0 = Release|Any CPU
		{24F1D5FE-4041-43F4-88ED-5D317B38AD3E}.Release|iPhoneSimulator.ActiveCfg = Release|Any CPU
		{24F1D5FE-4041-43F4-88ED-5D317B38AD3E}.Release|iPhoneSimulator.Build.0 = Release|Any CPU
		{24F1D5FE-4041-43F4-88ED-5D317B38AD3E}.Release|iPhoneSimulator.Deploy.0 = Release|Any CPU
		{24F1D5FE-4041-43F4-88ED-5D317B38AD3E}.Release|x64.ActiveCfg = Release|Any CPU
		{24F1D5FE-4041-43F4-88ED-5D317B38AD3E}.Release|x64.Build.0 = Release|Any CPU
		{24F1D5FE-4041-43F4-88ED-5D317B38AD3E}.Release|x64.Deploy.0 = Release|Any CPU
		{24F1D5FE-4041-43F4-88ED-5D317B38AD3E}.Release|x86.ActiveCfg = Release|Any CPU
		{24F1D5FE-4041-43F4-88ED-5D317B38AD3E}.Release|x86.Build.0 = Release|Any CPU
		{24F1D5FE-4041-43F4-88ED-5D317B38AD3E}.Release|x86.Deploy.0 = Release|Any CPU
		{1E846B86-E0C7-4FD2-857C-B1AE18ADA362}.Ad-Hoc|Any CPU.ActiveCfg = Ad-Hoc|iPhone
		{1E846B86-E0C7-4FD2-857C-B1AE18ADA362}.Ad-Hoc|ARM.ActiveCfg = Ad-Hoc|iPhone
		{1E846B86-E0C7-4FD2-857C-B1AE18ADA362}.Ad-Hoc|iPhone.ActiveCfg = Ad-Hoc|iPhone
		{1E846B86-E0C7-4FD2-857C-B1AE18ADA362}.Ad-Hoc|iPhone.Build.0 = Ad-Hoc|iPhone
		{1E846B86-E0C7-4FD2-857C-B1AE18ADA362}.Ad-Hoc|iPhoneSimulator.ActiveCfg = Ad-Hoc|iPhoneSimulator
		{1E846B86-E0C7-4FD2-857C-B1AE18ADA362}.Ad-Hoc|iPhoneSimulator.Build.0 = Ad-Hoc|iPhoneSimulator
		{1E846B86-E0C7-4FD2-857C-B1AE18ADA362}.Ad-Hoc|x64.ActiveCfg = Ad-Hoc|iPhone
		{1E846B86-E0C7-4FD2-857C-B1AE18ADA362}.Ad-Hoc|x86.ActiveCfg = Ad-Hoc|iPhone
		{1E846B86-E0C7-4FD2-857C-B1AE18ADA362}.AppStore|Any CPU.ActiveCfg = AppStore|iPhone
		{1E846B86-E0C7-4FD2-857C-B1AE18ADA362}.AppStore|ARM.ActiveCfg = AppStore|iPhone
		{1E846B86-E0C7-4FD2-857C-B1AE18ADA362}.AppStore|iPhone.ActiveCfg = AppStore|iPhone
		{1E846B86-E0C7-4FD2-857C-B1AE18ADA362}.AppStore|iPhone.Build.0 = AppStore|iPhone
		{1E846B86-E0C7-4FD2-857C-B1AE18ADA362}.AppStore|iPhoneSimulator.ActiveCfg = AppStore|iPhoneSimulator
		{1E846B86-E0C7-4FD2-857C-B1AE18ADA362}.AppStore|iPhoneSimulator.Build.0 = AppStore|iPhoneSimulator
		{1E846B86-E0C7-4FD2-857C-B1AE18ADA362}.AppStore|x64.ActiveCfg = AppStore|iPhone
		{1E846B86-E0C7-4FD2-857C-B1AE18ADA362}.AppStore|x86.ActiveCfg = AppStore|iPhone
		{1E846B86-E0C7-4FD2-857C-B1AE18ADA362}.Debug|Any CPU.ActiveCfg = Debug|iPhone
		{1E846B86-E0C7-4FD2-857C-B1AE18ADA362}.Debug|ARM.ActiveCfg = Debug|iPhone
		{1E846B86-E0C7-4FD2-857C-B1AE18ADA362}.Debug|iPhone.ActiveCfg = Debug|iPhone
		{1E846B86-E0C7-4FD2-857C-B1AE18ADA362}.Debug|iPhone.Build.0 = Debug|iPhone
		{1E846B86-E0C7-4FD2-857C-B1AE18ADA362}.Debug|iPhoneSimulator.ActiveCfg = Debug|iPhoneSimulator
		{1E846B86-E0C7-4FD2-857C-B1AE18ADA362}.Debug|iPhoneSimulator.Build.0 = Debug|iPhoneSimulator
		{1E846B86-E0C7-4FD2-857C-B1AE18ADA362}.Debug|x64.ActiveCfg = Debug|iPhone
		{1E846B86-E0C7-4FD2-857C-B1AE18ADA362}.Debug|x86.ActiveCfg = Debug|iPhone
		{1E846B86-E0C7-4FD2-857C-B1AE18ADA362}.Release|Any CPU.ActiveCfg = Release|iPhone
		{1E846B86-E0C7-4FD2-857C-B1AE18ADA362}.Release|ARM.ActiveCfg = Release|iPhone
		{1E846B86-E0C7-4FD2-857C-B1AE18ADA362}.Release|iPhone.ActiveCfg = Release|iPhone
		{1E846B86-E0C7-4FD2-857C-B1AE18ADA362}.Release|iPhone.Build.0 = Release|iPhone
		{1E846B86-E0C7-4FD2-857C-B1AE18ADA362}.Release|iPhoneSimulator.ActiveCfg = Release|iPhoneSimulator
		{1E846B86-E0C7-4FD2-857C-B1AE18ADA362}.Release|iPhoneSimulator.Build.0 = Release|iPhoneSimulator
		{1E846B86-E0C7-4FD2-857C-B1AE18ADA362}.Release|x64.ActiveCfg = Release|iPhone
		{1E846B86-E0C7-4FD2-857C-B1AE18ADA362}.Release|x86.ActiveCfg = Release|iPhone
		{98FD12F4-9719-4D22-BB4F-92F9876A0461}.Ad-Hoc|Any CPU.ActiveCfg = Release|Any CPU
		{98FD12F4-9719-4D22-BB4F-92F9876A0461}.Ad-Hoc|Any CPU.Build.0 = Release|Any CPU
		{98FD12F4-9719-4D22-BB4F-92F9876A0461}.Ad-Hoc|Any CPU.Deploy.0 = Release|Any CPU
		{98FD12F4-9719-4D22-BB4F-92F9876A0461}.Ad-Hoc|ARM.ActiveCfg = Release|ARM
		{98FD12F4-9719-4D22-BB4F-92F9876A0461}.Ad-Hoc|ARM.Build.0 = Release|ARM
		{98FD12F4-9719-4D22-BB4F-92F9876A0461}.Ad-Hoc|ARM.Deploy.0 = Release|ARM
		{98FD12F4-9719-4D22-BB4F-92F9876A0461}.Ad-Hoc|iPhone.ActiveCfg = Release|Any CPU
		{98FD12F4-9719-4D22-BB4F-92F9876A0461}.Ad-Hoc|iPhone.Build.0 = Release|Any CPU
		{98FD12F4-9719-4D22-BB4F-92F9876A0461}.Ad-Hoc|iPhone.Deploy.0 = Release|Any CPU
		{98FD12F4-9719-4D22-BB4F-92F9876A0461}.Ad-Hoc|iPhoneSimulator.ActiveCfg = Release|Any CPU
		{98FD12F4-9719-4D22-BB4F-92F9876A0461}.Ad-Hoc|iPhoneSimulator.Build.0 = Release|Any CPU
		{98FD12F4-9719-4D22-BB4F-92F9876A0461}.Ad-Hoc|iPhoneSimulator.Deploy.0 = Release|Any CPU
		{98FD12F4-9719-4D22-BB4F-92F9876A0461}.Ad-Hoc|x64.ActiveCfg = Release|Any CPU
		{98FD12F4-9719-4D22-BB4F-92F9876A0461}.Ad-Hoc|x64.Build.0 = Release|Any CPU
		{98FD12F4-9719-4D22-BB4F-92F9876A0461}.Ad-Hoc|x64.Deploy.0 = Release|Any CPU
		{98FD12F4-9719-4D22-BB4F-92F9876A0461}.Ad-Hoc|x86.ActiveCfg = Release|x86
		{98FD12F4-9719-4D22-BB4F-92F9876A0461}.Ad-Hoc|x86.Build.0 = Release|x86
		{98FD12F4-9719-4D22-BB4F-92F9876A0461}.Ad-Hoc|x86.Deploy.0 = Release|x86
		{98FD12F4-9719-4D22-BB4F-92F9876A0461}.AppStore|Any CPU.ActiveCfg = Release|Any CPU
		{98FD12F4-9719-4D22-BB4F-92F9876A0461}.AppStore|Any CPU.Build.0 = Release|Any CPU
		{98FD12F4-9719-4D22-BB4F-92F9876A0461}.AppStore|Any CPU.Deploy.0 = Release|Any CPU
		{98FD12F4-9719-4D22-BB4F-92F9876A0461}.AppStore|ARM.ActiveCfg = Release|ARM
		{98FD12F4-9719-4D22-BB4F-92F9876A0461}.AppStore|ARM.Build.0 = Release|ARM
		{98FD12F4-9719-4D22-BB4F-92F9876A0461}.AppStore|ARM.Deploy.0 = Release|ARM
		{98FD12F4-9719-4D22-BB4F-92F9876A0461}.AppStore|iPhone.ActiveCfg = Release|Any CPU
		{98FD12F4-9719-4D22-BB4F-92F9876A0461}.AppStore|iPhone.Build.0 = Release|Any CPU
		{98FD12F4-9719-4D22-BB4F-92F9876A0461}.AppStore|iPhone.Deploy.0 = Release|Any CPU
		{98FD12F4-9719-4D22-BB4F-92F9876A0461}.AppStore|iPhoneSimulator.ActiveCfg = Release|Any CPU
		{98FD12F4-9719-4D22-BB4F-92F9876A0461}.AppStore|iPhoneSimulator.Build.0 = Release|Any CPU
		{98FD12F4-9719-4D22-BB4F-92F9876A0461}.AppStore|iPhoneSimulator.Deploy.0 = Release|Any CPU
		{98FD12F4-9719-4D22-BB4F-92F9876A0461}.AppStore|x64.ActiveCfg = Release|Any CPU
		{98FD12F4-9719-4D22-BB4F-92F9876A0461}.AppStore|x64.Build.0 = Release|Any CPU
		{98FD12F4-9719-4D22-BB4F-92F9876A0461}.AppStore|x64.Deploy.0 = Release|Any CPU
		{98FD12F4-9719-4D22-BB4F-92F9876A0461}.AppStore|x86.ActiveCfg = Release|x86
		{98FD12F4-9719-4D22-BB4F-92F9876A0461}.AppStore|x86.Build.0 = Release|x86
		{98FD12F4-9719-4D22-BB4F-92F9876A0461}.AppStore|x86.Deploy.0 = Release|x86
		{98FD12F4-9719-4D22-BB4F-92F9876A0461}.Debug|Any CPU.ActiveCfg = Debug|Any CPU
		{98FD12F4-9719-4D22-BB4F-92F9876A0461}.Debug|Any CPU.Build.0 = Debug|Any CPU
		{98FD12F4-9719-4D22-BB4F-92F9876A0461}.Debug|Any CPU.Deploy.0 = Debug|Any CPU
		{98FD12F4-9719-4D22-BB4F-92F9876A0461}.Debug|ARM.ActiveCfg = Debug|ARM
		{98FD12F4-9719-4D22-BB4F-92F9876A0461}.Debug|ARM.Build.0 = Debug|ARM
		{98FD12F4-9719-4D22-BB4F-92F9876A0461}.Debug|ARM.Deploy.0 = Debug|ARM
		{98FD12F4-9719-4D22-BB4F-92F9876A0461}.Debug|iPhone.ActiveCfg = Debug|Any CPU
		{98FD12F4-9719-4D22-BB4F-92F9876A0461}.Debug|iPhone.Build.0 = Debug|Any CPU
		{98FD12F4-9719-4D22-BB4F-92F9876A0461}.Debug|iPhone.Deploy.0 = Debug|Any CPU
		{98FD12F4-9719-4D22-BB4F-92F9876A0461}.Debug|iPhoneSimulator.ActiveCfg = Debug|Any CPU
		{98FD12F4-9719-4D22-BB4F-92F9876A0461}.Debug|iPhoneSimulator.Build.0 = Debug|Any CPU
		{98FD12F4-9719-4D22-BB4F-92F9876A0461}.Debug|iPhoneSimulator.Deploy.0 = Debug|Any CPU
		{98FD12F4-9719-4D22-BB4F-92F9876A0461}.Debug|x64.ActiveCfg = Debug|Any CPU
		{98FD12F4-9719-4D22-BB4F-92F9876A0461}.Debug|x64.Build.0 = Debug|Any CPU
		{98FD12F4-9719-4D22-BB4F-92F9876A0461}.Debug|x64.Deploy.0 = Debug|Any CPU
		{98FD12F4-9719-4D22-BB4F-92F9876A0461}.Debug|x86.ActiveCfg = Debug|x86
		{98FD12F4-9719-4D22-BB4F-92F9876A0461}.Debug|x86.Build.0 = Debug|x86
		{98FD12F4-9719-4D22-BB4F-92F9876A0461}.Debug|x86.Deploy.0 = Debug|x86
		{98FD12F4-9719-4D22-BB4F-92F9876A0461}.Release|Any CPU.ActiveCfg = Release|Any CPU
		{98FD12F4-9719-4D22-BB4F-92F9876A0461}.Release|Any CPU.Build.0 = Release|Any CPU
		{98FD12F4-9719-4D22-BB4F-92F9876A0461}.Release|Any CPU.Deploy.0 = Release|Any CPU
		{98FD12F4-9719-4D22-BB4F-92F9876A0461}.Release|ARM.ActiveCfg = Release|ARM
		{98FD12F4-9719-4D22-BB4F-92F9876A0461}.Release|ARM.Build.0 = Release|ARM
		{98FD12F4-9719-4D22-BB4F-92F9876A0461}.Release|ARM.Deploy.0 = Release|ARM
		{98FD12F4-9719-4D22-BB4F-92F9876A0461}.Release|iPhone.ActiveCfg = Release|Any CPU
		{98FD12F4-9719-4D22-BB4F-92F9876A0461}.Release|iPhone.Build.0 = Release|Any CPU
		{98FD12F4-9719-4D22-BB4F-92F9876A0461}.Release|iPhone.Deploy.0 = Release|Any CPU
		{98FD12F4-9719-4D22-BB4F-92F9876A0461}.Release|iPhoneSimulator.ActiveCfg = Release|Any CPU
		{98FD12F4-9719-4D22-BB4F-92F9876A0461}.Release|iPhoneSimulator.Build.0 = Release|Any CPU
		{98FD12F4-9719-4D22-BB4F-92F9876A0461}.Release|iPhoneSimulator.Deploy.0 = Release|Any CPU
		{98FD12F4-9719-4D22-BB4F-92F9876A0461}.Release|x64.ActiveCfg = Release|Any CPU
		{98FD12F4-9719-4D22-BB4F-92F9876A0461}.Release|x64.Build.0 = Release|Any CPU
		{98FD12F4-9719-4D22-BB4F-92F9876A0461}.Release|x64.Deploy.0 = Release|Any CPU
		{98FD12F4-9719-4D22-BB4F-92F9876A0461}.Release|x86.ActiveCfg = Release|x86
		{98FD12F4-9719-4D22-BB4F-92F9876A0461}.Release|x86.Build.0 = Release|x86
		{98FD12F4-9719-4D22-BB4F-92F9876A0461}.Release|x86.Deploy.0 = Release|x86
		{8E4C8C08-2EB9-4F54-9525-B2F7A96DDCEC}.Ad-Hoc|Any CPU.ActiveCfg = Release|x86
		{8E4C8C08-2EB9-4F54-9525-B2F7A96DDCEC}.Ad-Hoc|Any CPU.Build.0 = Release|x86
		{8E4C8C08-2EB9-4F54-9525-B2F7A96DDCEC}.Ad-Hoc|Any CPU.Deploy.0 = Release|x86
		{8E4C8C08-2EB9-4F54-9525-B2F7A96DDCEC}.Ad-Hoc|ARM.ActiveCfg = Release|ARM
		{8E4C8C08-2EB9-4F54-9525-B2F7A96DDCEC}.Ad-Hoc|ARM.Build.0 = Release|ARM
		{8E4C8C08-2EB9-4F54-9525-B2F7A96DDCEC}.Ad-Hoc|ARM.Deploy.0 = Release|ARM
		{8E4C8C08-2EB9-4F54-9525-B2F7A96DDCEC}.Ad-Hoc|iPhone.ActiveCfg = Release|x86
		{8E4C8C08-2EB9-4F54-9525-B2F7A96DDCEC}.Ad-Hoc|iPhone.Build.0 = Release|x86
		{8E4C8C08-2EB9-4F54-9525-B2F7A96DDCEC}.Ad-Hoc|iPhone.Deploy.0 = Release|x86
		{8E4C8C08-2EB9-4F54-9525-B2F7A96DDCEC}.Ad-Hoc|iPhoneSimulator.ActiveCfg = Release|x86
		{8E4C8C08-2EB9-4F54-9525-B2F7A96DDCEC}.Ad-Hoc|iPhoneSimulator.Build.0 = Release|x86
		{8E4C8C08-2EB9-4F54-9525-B2F7A96DDCEC}.Ad-Hoc|iPhoneSimulator.Deploy.0 = Release|x86
		{8E4C8C08-2EB9-4F54-9525-B2F7A96DDCEC}.Ad-Hoc|x64.ActiveCfg = Release|x64
		{8E4C8C08-2EB9-4F54-9525-B2F7A96DDCEC}.Ad-Hoc|x64.Build.0 = Release|x64
		{8E4C8C08-2EB9-4F54-9525-B2F7A96DDCEC}.Ad-Hoc|x64.Deploy.0 = Release|x64
		{8E4C8C08-2EB9-4F54-9525-B2F7A96DDCEC}.Ad-Hoc|x86.ActiveCfg = Release|x86
		{8E4C8C08-2EB9-4F54-9525-B2F7A96DDCEC}.Ad-Hoc|x86.Build.0 = Release|x86
		{8E4C8C08-2EB9-4F54-9525-B2F7A96DDCEC}.Ad-Hoc|x86.Deploy.0 = Release|x86
		{8E4C8C08-2EB9-4F54-9525-B2F7A96DDCEC}.AppStore|Any CPU.ActiveCfg = Release|x86
		{8E4C8C08-2EB9-4F54-9525-B2F7A96DDCEC}.AppStore|Any CPU.Build.0 = Release|x86
		{8E4C8C08-2EB9-4F54-9525-B2F7A96DDCEC}.AppStore|Any CPU.Deploy.0 = Release|x86
		{8E4C8C08-2EB9-4F54-9525-B2F7A96DDCEC}.AppStore|ARM.ActiveCfg = Release|ARM
		{8E4C8C08-2EB9-4F54-9525-B2F7A96DDCEC}.AppStore|ARM.Build.0 = Release|ARM
		{8E4C8C08-2EB9-4F54-9525-B2F7A96DDCEC}.AppStore|ARM.Deploy.0 = Release|ARM
		{8E4C8C08-2EB9-4F54-9525-B2F7A96DDCEC}.AppStore|iPhone.ActiveCfg = Release|x86
		{8E4C8C08-2EB9-4F54-9525-B2F7A96DDCEC}.AppStore|iPhone.Build.0 = Release|x86
		{8E4C8C08-2EB9-4F54-9525-B2F7A96DDCEC}.AppStore|iPhone.Deploy.0 = Release|x86
		{8E4C8C08-2EB9-4F54-9525-B2F7A96DDCEC}.AppStore|iPhoneSimulator.ActiveCfg = Release|x86
		{8E4C8C08-2EB9-4F54-9525-B2F7A96DDCEC}.AppStore|iPhoneSimulator.Build.0 = Release|x86
		{8E4C8C08-2EB9-4F54-9525-B2F7A96DDCEC}.AppStore|iPhoneSimulator.Deploy.0 = Release|x86
		{8E4C8C08-2EB9-4F54-9525-B2F7A96DDCEC}.AppStore|x64.ActiveCfg = Release|x64
		{8E4C8C08-2EB9-4F54-9525-B2F7A96DDCEC}.AppStore|x64.Build.0 = Release|x64
		{8E4C8C08-2EB9-4F54-9525-B2F7A96DDCEC}.AppStore|x64.Deploy.0 = Release|x64
		{8E4C8C08-2EB9-4F54-9525-B2F7A96DDCEC}.AppStore|x86.ActiveCfg = Release|x86
		{8E4C8C08-2EB9-4F54-9525-B2F7A96DDCEC}.AppStore|x86.Build.0 = Release|x86
		{8E4C8C08-2EB9-4F54-9525-B2F7A96DDCEC}.AppStore|x86.Deploy.0 = Release|x86
		{8E4C8C08-2EB9-4F54-9525-B2F7A96DDCEC}.Debug|Any CPU.ActiveCfg = Debug|x86
		{8E4C8C08-2EB9-4F54-9525-B2F7A96DDCEC}.Debug|ARM.ActiveCfg = Debug|ARM
		{8E4C8C08-2EB9-4F54-9525-B2F7A96DDCEC}.Debug|ARM.Build.0 = Debug|ARM
		{8E4C8C08-2EB9-4F54-9525-B2F7A96DDCEC}.Debug|ARM.Deploy.0 = Debug|ARM
		{8E4C8C08-2EB9-4F54-9525-B2F7A96DDCEC}.Debug|iPhone.ActiveCfg = Debug|x86
		{8E4C8C08-2EB9-4F54-9525-B2F7A96DDCEC}.Debug|iPhoneSimulator.ActiveCfg = Debug|x86
		{8E4C8C08-2EB9-4F54-9525-B2F7A96DDCEC}.Debug|x64.ActiveCfg = Debug|x64
		{8E4C8C08-2EB9-4F54-9525-B2F7A96DDCEC}.Debug|x64.Build.0 = Debug|x64
		{8E4C8C08-2EB9-4F54-9525-B2F7A96DDCEC}.Debug|x64.Deploy.0 = Debug|x64
		{8E4C8C08-2EB9-4F54-9525-B2F7A96DDCEC}.Debug|x86.ActiveCfg = Debug|x86
		{8E4C8C08-2EB9-4F54-9525-B2F7A96DDCEC}.Debug|x86.Build.0 = Debug|x86
		{8E4C8C08-2EB9-4F54-9525-B2F7A96DDCEC}.Debug|x86.Deploy.0 = Debug|x86
		{8E4C8C08-2EB9-4F54-9525-B2F7A96DDCEC}.Release|Any CPU.ActiveCfg = Release|x86
		{8E4C8C08-2EB9-4F54-9525-B2F7A96DDCEC}.Release|ARM.ActiveCfg = Release|ARM
		{8E4C8C08-2EB9-4F54-9525-B2F7A96DDCEC}.Release|ARM.Build.0 = Release|ARM
		{8E4C8C08-2EB9-4F54-9525-B2F7A96DDCEC}.Release|ARM.Deploy.0 = Release|ARM
		{8E4C8C08-2EB9-4F54-9525-B2F7A96DDCEC}.Release|iPhone.ActiveCfg = Release|x86
		{8E4C8C08-2EB9-4F54-9525-B2F7A96DDCEC}.Release|iPhoneSimulator.ActiveCfg = Release|x86
		{8E4C8C08-2EB9-4F54-9525-B2F7A96DDCEC}.Release|x64.ActiveCfg = Release|x64
		{8E4C8C08-2EB9-4F54-9525-B2F7A96DDCEC}.Release|x64.Build.0 = Release|x64
		{8E4C8C08-2EB9-4F54-9525-B2F7A96DDCEC}.Release|x64.Deploy.0 = Release|x64
		{8E4C8C08-2EB9-4F54-9525-B2F7A96DDCEC}.Release|x86.ActiveCfg = Release|x86
		{8E4C8C08-2EB9-4F54-9525-B2F7A96DDCEC}.Release|x86.Build.0 = Release|x86
		{8E4C8C08-2EB9-4F54-9525-B2F7A96DDCEC}.Release|x86.Deploy.0 = Release|x86
		{2831C767-2731-4F20-A583-F8512DE87CF5}.Ad-Hoc|Any CPU.ActiveCfg = Release|Any CPU
		{2831C767-2731-4F20-A583-F8512DE87CF5}.Ad-Hoc|Any CPU.Build.0 = Release|Any CPU
		{2831C767-2731-4F20-A583-F8512DE87CF5}.Ad-Hoc|Any CPU.Deploy.0 = Release|Any CPU
		{2831C767-2731-4F20-A583-F8512DE87CF5}.Ad-Hoc|ARM.ActiveCfg = Release|ARM
		{2831C767-2731-4F20-A583-F8512DE87CF5}.Ad-Hoc|ARM.Build.0 = Release|ARM
		{2831C767-2731-4F20-A583-F8512DE87CF5}.Ad-Hoc|ARM.Deploy.0 = Release|ARM
		{2831C767-2731-4F20-A583-F8512DE87CF5}.Ad-Hoc|iPhone.ActiveCfg = Release|Any CPU
		{2831C767-2731-4F20-A583-F8512DE87CF5}.Ad-Hoc|iPhone.Build.0 = Release|Any CPU
		{2831C767-2731-4F20-A583-F8512DE87CF5}.Ad-Hoc|iPhone.Deploy.0 = Release|Any CPU
		{2831C767-2731-4F20-A583-F8512DE87CF5}.Ad-Hoc|iPhoneSimulator.ActiveCfg = Release|Any CPU
		{2831C767-2731-4F20-A583-F8512DE87CF5}.Ad-Hoc|iPhoneSimulator.Build.0 = Release|Any CPU
		{2831C767-2731-4F20-A583-F8512DE87CF5}.Ad-Hoc|iPhoneSimulator.Deploy.0 = Release|Any CPU
		{2831C767-2731-4F20-A583-F8512DE87CF5}.Ad-Hoc|x64.ActiveCfg = Release|x64
		{2831C767-2731-4F20-A583-F8512DE87CF5}.Ad-Hoc|x64.Build.0 = Release|x64
		{2831C767-2731-4F20-A583-F8512DE87CF5}.Ad-Hoc|x64.Deploy.0 = Release|x64
		{2831C767-2731-4F20-A583-F8512DE87CF5}.Ad-Hoc|x86.ActiveCfg = Release|x86
		{2831C767-2731-4F20-A583-F8512DE87CF5}.Ad-Hoc|x86.Build.0 = Release|x86
		{2831C767-2731-4F20-A583-F8512DE87CF5}.Ad-Hoc|x86.Deploy.0 = Release|x86
		{2831C767-2731-4F20-A583-F8512DE87CF5}.AppStore|Any CPU.ActiveCfg = Release|Any CPU
		{2831C767-2731-4F20-A583-F8512DE87CF5}.AppStore|Any CPU.Build.0 = Release|Any CPU
		{2831C767-2731-4F20-A583-F8512DE87CF5}.AppStore|Any CPU.Deploy.0 = Release|Any CPU
		{2831C767-2731-4F20-A583-F8512DE87CF5}.AppStore|ARM.ActiveCfg = Release|ARM
		{2831C767-2731-4F20-A583-F8512DE87CF5}.AppStore|ARM.Build.0 = Release|ARM
		{2831C767-2731-4F20-A583-F8512DE87CF5}.AppStore|ARM.Deploy.0 = Release|ARM
		{2831C767-2731-4F20-A583-F8512DE87CF5}.AppStore|iPhone.ActiveCfg = Release|Any CPU
		{2831C767-2731-4F20-A583-F8512DE87CF5}.AppStore|iPhone.Build.0 = Release|Any CPU
		{2831C767-2731-4F20-A583-F8512DE87CF5}.AppStore|iPhone.Deploy.0 = Release|Any CPU
		{2831C767-2731-4F20-A583-F8512DE87CF5}.AppStore|iPhoneSimulator.ActiveCfg = Release|Any CPU
		{2831C767-2731-4F20-A583-F8512DE87CF5}.AppStore|iPhoneSimulator.Build.0 = Release|Any CPU
		{2831C767-2731-4F20-A583-F8512DE87CF5}.AppStore|iPhoneSimulator.Deploy.0 = Release|Any CPU
		{2831C767-2731-4F20-A583-F8512DE87CF5}.AppStore|x64.ActiveCfg = Release|x64
		{2831C767-2731-4F20-A583-F8512DE87CF5}.AppStore|x64.Build.0 = Release|x64
		{2831C767-2731-4F20-A583-F8512DE87CF5}.AppStore|x64.Deploy.0 = Release|x64
		{2831C767-2731-4F20-A583-F8512DE87CF5}.AppStore|x86.ActiveCfg = Release|x86
		{2831C767-2731-4F20-A583-F8512DE87CF5}.AppStore|x86.Build.0 = Release|x86
		{2831C767-2731-4F20-A583-F8512DE87CF5}.AppStore|x86.Deploy.0 = Release|x86
		{2831C767-2731-4F20-A583-F8512DE87CF5}.Debug|Any CPU.ActiveCfg = Debug|Any CPU
		{2831C767-2731-4F20-A583-F8512DE87CF5}.Debug|Any CPU.Build.0 = Debug|Any CPU
		{2831C767-2731-4F20-A583-F8512DE87CF5}.Debug|Any CPU.Deploy.0 = Debug|Any CPU
		{2831C767-2731-4F20-A583-F8512DE87CF5}.Debug|ARM.ActiveCfg = Debug|ARM
		{2831C767-2731-4F20-A583-F8512DE87CF5}.Debug|ARM.Build.0 = Debug|ARM
		{2831C767-2731-4F20-A583-F8512DE87CF5}.Debug|ARM.Deploy.0 = Debug|ARM
		{2831C767-2731-4F20-A583-F8512DE87CF5}.Debug|iPhone.ActiveCfg = Debug|Any CPU
		{2831C767-2731-4F20-A583-F8512DE87CF5}.Debug|iPhone.Build.0 = Debug|Any CPU
		{2831C767-2731-4F20-A583-F8512DE87CF5}.Debug|iPhone.Deploy.0 = Debug|Any CPU
		{2831C767-2731-4F20-A583-F8512DE87CF5}.Debug|iPhoneSimulator.ActiveCfg = Debug|Any CPU
		{2831C767-2731-4F20-A583-F8512DE87CF5}.Debug|iPhoneSimulator.Build.0 = Debug|Any CPU
		{2831C767-2731-4F20-A583-F8512DE87CF5}.Debug|iPhoneSimulator.Deploy.0 = Debug|Any CPU
		{2831C767-2731-4F20-A583-F8512DE87CF5}.Debug|x64.ActiveCfg = Debug|x64
		{2831C767-2731-4F20-A583-F8512DE87CF5}.Debug|x64.Build.0 = Debug|x64
		{2831C767-2731-4F20-A583-F8512DE87CF5}.Debug|x64.Deploy.0 = Debug|x64
		{2831C767-2731-4F20-A583-F8512DE87CF5}.Debug|x86.ActiveCfg = Debug|x86
		{2831C767-2731-4F20-A583-F8512DE87CF5}.Debug|x86.Build.0 = Debug|x86
		{2831C767-2731-4F20-A583-F8512DE87CF5}.Debug|x86.Deploy.0 = Debug|x86
		{2831C767-2731-4F20-A583-F8512DE87CF5}.Release|Any CPU.ActiveCfg = Release|Any CPU
		{2831C767-2731-4F20-A583-F8512DE87CF5}.Release|Any CPU.Build.0 = Release|Any CPU
		{2831C767-2731-4F20-A583-F8512DE87CF5}.Release|Any CPU.Deploy.0 = Release|Any CPU
		{2831C767-2731-4F20-A583-F8512DE87CF5}.Release|ARM.ActiveCfg = Release|ARM
		{2831C767-2731-4F20-A583-F8512DE87CF5}.Release|ARM.Build.0 = Release|ARM
		{2831C767-2731-4F20-A583-F8512DE87CF5}.Release|ARM.Deploy.0 = Release|ARM
		{2831C767-2731-4F20-A583-F8512DE87CF5}.Release|iPhone.ActiveCfg = Release|Any CPU
		{2831C767-2731-4F20-A583-F8512DE87CF5}.Release|iPhone.Build.0 = Release|Any CPU
		{2831C767-2731-4F20-A583-F8512DE87CF5}.Release|iPhone.Deploy.0 = Release|Any CPU
		{2831C767-2731-4F20-A583-F8512DE87CF5}.Release|iPhoneSimulator.ActiveCfg = Release|Any CPU
		{2831C767-2731-4F20-A583-F8512DE87CF5}.Release|iPhoneSimulator.Build.0 = Release|Any CPU
		{2831C767-2731-4F20-A583-F8512DE87CF5}.Release|iPhoneSimulator.Deploy.0 = Release|Any CPU
		{2831C767-2731-4F20-A583-F8512DE87CF5}.Release|x64.ActiveCfg = Release|x64
		{2831C767-2731-4F20-A583-F8512DE87CF5}.Release|x64.Build.0 = Release|x64
		{2831C767-2731-4F20-A583-F8512DE87CF5}.Release|x64.Deploy.0 = Release|x64
		{2831C767-2731-4F20-A583-F8512DE87CF5}.Release|x86.ActiveCfg = Release|x86
		{2831C767-2731-4F20-A583-F8512DE87CF5}.Release|x86.Build.0 = Release|x86
		{2831C767-2731-4F20-A583-F8512DE87CF5}.Release|x86.Deploy.0 = Release|x86
	EndGlobalSection
	GlobalSection(SolutionProperties) = preSolution
		HideSolutionNode = FALSE
	EndGlobalSection
EndGlobal
